
Microsoft Visual Studio Solution File, Format Version 12.00
# Visual Studio Version 16
VisualStudioVersion = 16.0.29509.3
MinimumVisualStudioVersion = 10.0.40219.1
Project("{9A19103F-16F7-4668-BE54-9A1E7A4F7556}") = "S1.02.01    -    Output til konsol", "S1.02\S1.02.01    -    Output til konsol.csproj", "{F56E0ADD-E3A5-44B4-BA59-12561BA0F54D}"
EndProject
Project("{9A19103F-16F7-4668-BE54-9A1E7A4F7556}") = "S1.02.02    -    Output til konsol", "S1.02.02\S1.02.02    -    Output til konsol.csproj", "{4795B63D-E7A0-4F48-9B99-5A03CA19C93E}"
EndProject
Project("{9A19103F-16F7-4668-BE54-9A1E7A4F7556}") = "S1.03.01    -    Input fra konsollen", "S1.03\S1.03.01    -    Input fra konsollen.csproj", "{13B24E9F-5257-41DB-9158-5D2347B058AB}"
EndProject
Project("{9A19103F-16F7-4668-BE54-9A1E7A4F7556}") = "S1.03.02    -    Input fra konsollen", "S1.03.02\S1.03.02    -    Input fra konsollen.csproj", "{D7A1ABE6-0C1A-42C5-A8EA-160BB2BBE253}"
EndProject
Project("{9A19103F-16F7-4668-BE54-9A1E7A4F7556}") = "S1.03.03    -    Input fra konsollen", "S1.03.03\S1.03.03    -    Input fra konsollen.csproj", "{A2476FEE-4170-4E08-BEA3-66E635ACB38F}"
EndProject
Project("{9A19103F-16F7-4668-BE54-9A1E7A4F7556}") = "S1.03.04    -    Input fra konsollen", "S1.03.04\S1.03.04    -    Input fra konsollen.csproj", "{9D04887A-A0E9-40A6-AE52-14196B69E4E0}"
EndProject
Project("{9A19103F-16F7-4668-BE54-9A1E7A4F7556}") = "S1.03.05    -    Input fra konsollen", "S1.03.05\S1.03.05    -    Input fra konsollen.csproj", "{2A388163-D269-431D-ACD3-D1BB32960EC0}"
EndProject
Project("{9A19103F-16F7-4668-BE54-9A1E7A4F7556}") = "S1.03.06    -    Input fra konsollen", "S1.03.06\S1.03.06    -    Input fra konsollen.csproj", "{0CB1E29A-CE1C-432B-BCB9-7B5DD1ED3472}"
EndProject
Project("{9A19103F-16F7-4668-BE54-9A1E7A4F7556}") = "S1.03.07.05  - Input fra konsollen", "S1.03.07\S1.03.07.05  - Input fra konsollen.csproj", "{3662A9B5-EDBA-496C-8D9C-087955F4B428}"
EndProject
Project("{9A19103F-16F7-4668-BE54-9A1E7A4F7556}") = "S1.03.07.04  - Input fra konsollen", "S1.03.07.05\S1.03.07.04  - Input fra konsollen.csproj", "{835CE5F0-C61B-4FDF-A468-1E1F450A2729}"
EndProject
Project("{9A19103F-16F7-4668-BE54-9A1E7A4F7556}") = "S1.04.01    -    Strings", "S1.04.01\S1.04.01    -    Strings.csproj", "{64A782FB-3C7F-4081-9EA7-3E1CDBC466B3}"
EndProject
Project("{9A19103F-16F7-4668-BE54-9A1E7A4F7556}") = "S1.04.02    -    Strings", "S1.04.02\S1.04.02    -    Strings.csproj", "{6AA06917-0620-4306-BCB7-6C46155985F4}"
EndProject
Project("{9A19103F-16F7-4668-BE54-9A1E7A4F7556}") = "S1.04.03    -    Strings", "S1.04.03\S1.04.03    -    Strings.csproj", "{5BA32424-3731-4679-A385-ACD05324406D}"
EndProject
Project("{9A19103F-16F7-4668-BE54-9A1E7A4F7556}") = "S1.04.04    -    Strings", "S1.04.04\S1.04.04    -    Strings.csproj", "{4A598AB6-9D4A-4D94-8DCB-7C21DBE68189}"
EndProject
Project("{9A19103F-16F7-4668-BE54-9A1E7A4F7556}") = "S1.06.01    -    Aritmetik", "S1.06.01\S1.06.01    -    Aritmetik.csproj", "{8E4880D3-9716-484C-A121-A958FE01C625}"
EndProject
Project("{9A19103F-16F7-4668-BE54-9A1E7A4F7556}") = "S1.06.02    -    Aritmetik", "S1.06.02\S1.06.02    -    Aritmetik.csproj", "{7EC93D92-67A5-4125-A2ED-8AEA694DEFD1}"
EndProject
Project("{9A19103F-16F7-4668-BE54-9A1E7A4F7556}") = "S1.06.03    -    Aritmetik", "S1.06.03\S1.06.03    -    Aritmetik.csproj", "{F120DC56-ED16-4C61-9E5E-DE6AC55013CA}"
EndProject
Project("{9A19103F-16F7-4668-BE54-9A1E7A4F7556}") = "S1.06.04    -    Aritmetik", "S1.06.04\S1.06.04    -    Aritmetik.csproj", "{EB4BBA30-6AFE-4D0B-AA24-EDC8156ACBDE}"
EndProject
Project("{9A19103F-16F7-4668-BE54-9A1E7A4F7556}") = "S1.06.05    -    Aritmetik", "S1.06.05\S1.06.05    -    Aritmetik.csproj", "{F0EAEE56-489A-45EE-9245-667505A559A4}"
EndProject
Project("{9A19103F-16F7-4668-BE54-9A1E7A4F7556}") = "S1.06.06    -    Aritmetik", "S1.06.06\S1.06.06    -    Aritmetik.csproj", "{360FB05E-C384-43DA-A485-A6925D657EA7}"
EndProject
Project("{9A19103F-16F7-4668-BE54-9A1E7A4F7556}") = "S1.06.07    -    Aritmetik", "S1.06.07\S1.06.07    -    Aritmetik.csproj", "{8C94BDAB-DF89-4465-BED2-B62943341A98}"
EndProject
Project("{9A19103F-16F7-4668-BE54-9A1E7A4F7556}") = "S1.06.08    -    Aritmetik", "S1.06.08\S1.06.08    -    Aritmetik.csproj", "{42EBB3FF-A438-496B-83F1-8EBB1A835D17}"
EndProject
Project("{9A19103F-16F7-4668-BE54-9A1E7A4F7556}") = "S1.08.01.01  - if-else", "S1.08.01\S1.08.01.01  - if-else.csproj", "{E182B312-D9CF-476A-9408-96630F1338A8}"
EndProject
Project("{9A19103F-16F7-4668-BE54-9A1E7A4F7556}") = "S1.08.01.02  - if-else", "S1.08.01.02\S1.08.01.02  - if-else.csproj", "{D287E5B2-C57A-4AB3-B923-80F67CC9EC87}"
EndProject
Project("{9A19103F-16F7-4668-BE54-9A1E7A4F7556}") = "S1.08.02.01  - if-else", "S1.08.02\S1.08.02.01  - if-else.csproj", "{A455FE45-0CC0-4FE7-BC9A-63E7E91A20FC}"
EndProject
Project("{9A19103F-16F7-4668-BE54-9A1E7A4F7556}") = "S1.08.02.02  - if-else", "S1.08.02.02\S1.08.02.02  - if-else.csproj", "{1FA0C934-A9CB-444A-BFC5-A77F185BE7DB}"
EndProject
Project("{9A19103F-16F7-4668-BE54-9A1E7A4F7556}") = "S1.08.02.03  - if-else", "S1.08.02.03\S1.08.02.03  - if-else.csproj", "{927D27AB-6B97-449F-92EB-77C416AF8166}"
EndProject
Project("{9A19103F-16F7-4668-BE54-9A1E7A4F7556}") = "S1.08.03.01  - if-else", "S1.08.03.01\S1.08.03.01  - if-else.csproj", "{417BE244-FF9F-41DF-AF29-5DE7140E2908}"
EndProject
Project("{9A19103F-16F7-4668-BE54-9A1E7A4F7556}") = "S1.08.03.02  - if-else", "S1.08.03.02\S1.08.03.02  - if-else.csproj", "{E49867E7-C40F-4F80-94A9-D59A3812D36F}"
EndProject
Project("{9A19103F-16F7-4668-BE54-9A1E7A4F7556}") = "S1.08.03.03  - if-else", "S1.08.03.03\S1.08.03.03  - if-else.csproj", "{7C660068-97F6-458F-9D89-164A00B9B7F8}"
EndProject
Project("{9A19103F-16F7-4668-BE54-9A1E7A4F7556}") = "S1.08.04    -    if-else", "S1.08.04\S1.08.04    -    if-else.csproj", "{3CD3DCCC-D29F-4ECC-B22A-C95B4F671A9A}"
EndProject
Project("{9A19103F-16F7-4668-BE54-9A1E7A4F7556}") = "S1.09.01    -    Boolsk Algebra", "S1.09.01\S1.09.01    -    Boolsk Algebra.csproj", "{26B2019F-F460-45B4-96CD-6498A65170DD}"
EndProject
Project("{9A19103F-16F7-4668-BE54-9A1E7A4F7556}") = "S1.09.02.01  - Boolsk Algebra", "S1.09.02.01\S1.09.02.01  - Boolsk Algebra.csproj", "{EF4E93E2-7067-47D8-B82D-7F0E37ABF174}"
EndProject
Project("{9A19103F-16F7-4668-BE54-9A1E7A4F7556}") = "S1.09.02.02  - Boolsk Algebra", "S1.09.02.02\S1.09.02.02  - Boolsk Algebra.csproj", "{340AC3BB-9A0E-4B16-BF0E-2EED3C5F096F}"
EndProject
Project("{9A19103F-16F7-4668-BE54-9A1E7A4F7556}") = "S1.10.01    -    Switch", "S1.10.01\S1.10.01    -    Switch.csproj", "{88D97511-9333-4EDB-A2AA-3AFED3710E7B}"
EndProject
Project("{9A19103F-16F7-4668-BE54-9A1E7A4F7556}") = "S1.10.02    -    Switch", "S1.10.02\S1.10.02    -    Switch.csproj", "{710AB0D1-2874-4A4A-AA70-975B3B2BDD52}"
EndProject
Project("{9A19103F-16F7-4668-BE54-9A1E7A4F7556}") = "S1.10.03    -    Switch", "S1.10.03\S1.10.03    -    Switch.csproj", "{0D6A3100-0703-416D-A873-E28B3CB0E3C7}"
EndProject
Project("{9A19103F-16F7-4668-BE54-9A1E7A4F7556}") = "S1.10.04    -    Switch", "S1.10.04\S1.10.04    -    Switch.csproj", "{18188DF1-16F7-4CC9-A703-AE0BB5191E9F}"
EndProject
Project("{9A19103F-16F7-4668-BE54-9A1E7A4F7556}") = "S1.11.01    -    While", "S1.11.01\S1.11.01    -    While.csproj", "{BB4C8FD8-8DFE-41BF-B5BA-E74788932DF8}"
EndProject
Project("{9A19103F-16F7-4668-BE54-9A1E7A4F7556}") = "S1.11.02    -    While", "S1.11.02\S1.11.02    -    While.csproj", "{9E99905B-E230-42A8-95A9-95E7AB266045}"
EndProject
Project("{9A19103F-16F7-4668-BE54-9A1E7A4F7556}") = "S1.11.03    -    While", "S1.11.03\S1.11.03    -    While.csproj", "{0F3A73CA-C5BB-4F27-A312-79EEDDA8921C}"
EndProject
Project("{9A19103F-16F7-4668-BE54-9A1E7A4F7556}") = "S1.11.04    -    While", "S1.11.04\S1.11.04    -    While.csproj", "{069B9C76-0CCF-45B7-86D7-932035EE6C74}"
EndProject
Project("{9A19103F-16F7-4668-BE54-9A1E7A4F7556}") = "S1.11.05    -    While", "S1.11.05\S1.11.05    -    While.csproj", "{37B5732D-5EDD-4C7E-BC03-6B2CDD2C9D09}"
EndProject
Project("{9A19103F-16F7-4668-BE54-9A1E7A4F7556}") = "S1.11.06    -    While", "S1.11.06\S1.11.06    -    While.csproj", "{7DA7A048-4620-4E46-83A8-66896E760BF7}"
EndProject
Project("{9A19103F-16F7-4668-BE54-9A1E7A4F7556}") = "S1.11.07    -    While", "S1.11.07\S1.11.07    -    While.csproj", "{DE0331C2-E92E-4BFD-83B3-630DA9882E72}"
EndProject
Project("{9A19103F-16F7-4668-BE54-9A1E7A4F7556}") = "S1.11.08    -    While", "S1.11.08\S1.11.08    -    While.csproj", "{8B32D48F-FA39-4F70-9E1B-4F5F6BE42571}"
EndProject
Project("{9A19103F-16F7-4668-BE54-9A1E7A4F7556}") = "S1.14.01    -    Arrays", "S1.12.01\S1.14.01    -    Arrays.csproj", "{B8753D05-C1DC-4B29-990C-0CF642450541}"
EndProject
Project("{9A19103F-16F7-4668-BE54-9A1E7A4F7556}") = "S1.14.02.01  -  Arrays", "S1.12.02\S1.14.02.01  -  Arrays.csproj", "{025EFB9C-C8CF-4DE9-9A6B-A2B3A1D52347}"
EndProject
Project("{9A19103F-16F7-4668-BE54-9A1E7A4F7556}") = "S1.14.02.02  -  Arrays", "S1.12.02.02\S1.14.02.02  -  Arrays.csproj", "{495A1F27-F129-4A45-9995-9B754E745299}"
EndProject
Project("{9A19103F-16F7-4668-BE54-9A1E7A4F7556}") = "S1.14.02.03  -  Arrays", "S1.12.02.03\S1.14.02.03  -  Arrays.csproj", "{38D43CCB-2AA3-4AD0-8D86-0A8EE1F6FE01}"
EndProject
Project("{9A19103F-16F7-4668-BE54-9A1E7A4F7556}") = "S1.14.02.04  -  Arrays", "S1.12.02.04\S1.14.02.04  -  Arrays.csproj", "{C8DF4B15-69BA-4E70-B95F-286B589617AE}"
EndProject
Project("{9A19103F-16F7-4668-BE54-9A1E7A4F7556}") = "S1.14.03.01  -  Arrays", "S1.12.03\S1.14.03.01  -  Arrays.csproj", "{B04252CE-43A1-477B-A2C6-3A457424EBC3}"
EndProject
Project("{9A19103F-16F7-4668-BE54-9A1E7A4F7556}") = "S1.16.01    -    Random", "S1.16.01\S1.16.01    -    Random.csproj", "{6DAC0A68-7E31-40A8-9AAC-3E15EF348440}"
EndProject
Project("{9A19103F-16F7-4668-BE54-9A1E7A4F7556}") = "S1.16.02    -    Random", "S1.16.02\S1.16.02    -    Random.csproj", "{6F7CA585-8361-4B3E-B1A1-2A7100B9D83C}"
EndProject
Project("{9A19103F-16F7-4668-BE54-9A1E7A4F7556}") = "S1.16.03    -    Random", "S1.16.03\S1.16.03    -    Random.csproj", "{24214022-8116-4B5C-BAD4-D5C6B1C731D1}"
EndProject
Project("{9A19103F-16F7-4668-BE54-9A1E7A4F7556}") = "S1.16.04    -    Random", "S1.16.04\S1.16.04    -    Random.csproj", "{FB0A30D7-BAD2-4453-95A7-49235B9C6709}"
EndProject
Project("{9A19103F-16F7-4668-BE54-9A1E7A4F7556}") = "S1.17.01    -    DateTime", "S1.17.01\S1.17.01    -    DateTime.csproj", "{BE970E19-5A99-4D3A-BD25-92056A43D9BA}"
EndProject
Project("{9A19103F-16F7-4668-BE54-9A1E7A4F7556}") = "S1.17.02    -    DateTime", "S1.17.02\S1.17.02    -    DateTime.csproj", "{736A595B-C52D-4DF2-8569-125AB2FD65A3}"
EndProject
Project("{9A19103F-16F7-4668-BE54-9A1E7A4F7556}") = "S1.17.03.01  - DateTime", "S1.17.03\S1.17.03.01  - DateTime.csproj", "{92800434-6DDF-4A13-93DA-BAAD23F3C10C}"
EndProject
Project("{9A19103F-16F7-4668-BE54-9A1E7A4F7556}") = "S1.17.03.02  - DateTime", "S1.17.03.02\S1.17.03.02  - DateTime.csproj", "{F94CA158-F4FD-46CB-B036-99F9BD633108}"
EndProject
Project("{9A19103F-16F7-4668-BE54-9A1E7A4F7556}") = "S1.17.03.03  - DateTime", "S1.17.03.03\S1.17.03.03  - DateTime.csproj", "{1AD919C1-FA14-4C93-8DA3-82AE877B6003}"
EndProject
Project("{9A19103F-16F7-4668-BE54-9A1E7A4F7556}") = "S1.18.01    -    TimeSpan", "S1.18.1\S1.18.01    -    TimeSpan.csproj", "{CA22DDE8-5FE4-4941-9A84-8B6DBB862E86}"
EndProject
Project("{9A19103F-16F7-4668-BE54-9A1E7A4F7556}") = "S1.18.02.01  - TimeSpan", "S1.18.2\S1.18.02.01  - TimeSpan.csproj", "{258811C1-CD1A-4DE6-89B1-D953B7797243}"
EndProject
Project("{9A19103F-16F7-4668-BE54-9A1E7A4F7556}") = "S1.18.02.02  - TimeSpan", "S1.18.02.02\S1.18.02.02  - TimeSpan.csproj", "{3D6DB7B1-6102-49A1-AC70-AF43C652E523}"
EndProject
Project("{9A19103F-16F7-4668-BE54-9A1E7A4F7556}") = "S1.23.01.01  - StreamReader", "S1.23.01\S1.23.01.01  - StreamReader.csproj", "{E4504F4E-FA6F-482A-A76D-1502572AB191}"
EndProject
Project("{9A19103F-16F7-4668-BE54-9A1E7A4F7556}") = "S1.23.01.02  - StreamReader", "S1.23.01.02\S1.23.01.02  - StreamReader.csproj", "{C36B535D-6BC5-40E8-B738-D0D121F27150}"
EndProject
Project("{9A19103F-16F7-4668-BE54-9A1E7A4F7556}") = "S1.23.02    -    StreamReader", "S1.23.02\S1.23.02    -    StreamReader.csproj", "{50E14B82-95E6-4F07-A3CE-9833D7385B5C}"
EndProject
Project("{9A19103F-16F7-4668-BE54-9A1E7A4F7556}") = "S1.05.01    -    Decimal", "S1.05\S1.05.01    -    Decimal.csproj", "{0213519D-C768-4216-AA5D-AF382302F867}"
EndProject
Project("{9A19103F-16F7-4668-BE54-9A1E7A4F7556}") = "S1.05.01    -    Char", "S1.05.01\S1.05.01    -    Char.csproj", "{CC18D5ED-94E0-494D-ADA9-00D8F0F57CCB}"
EndProject
Project("{9A19103F-16F7-4668-BE54-9A1E7A4F7556}") = "S1.05.01    -    Integer", "S1.05.int\S1.05.01    -    Integer.csproj", "{D44337C7-B2DD-4EBF-913A-B114D4BF097B}"
EndProject
Project("{9A19103F-16F7-4668-BE54-9A1E7A4F7556}") = "S1.05.01    -    String", "S1.05.string\S1.05.01    -    String.csproj", "{15AC917C-B503-47CF-A712-22BDD14CC95F}"
EndProject
Project("{9A19103F-16F7-4668-BE54-9A1E7A4F7556}") = "S1.23.03    -    StreamReader", "S1.23.03\S1.23.03    -    StreamReader.csproj", "{05D370C6-434D-4DE2-856D-0BA46F649418}"
EndProject
Project("{9A19103F-16F7-4668-BE54-9A1E7A4F7556}") = "S1.19.01    -    Intro til metoder", "S1.19.01\S1.19.01    -    Intro til metoder.csproj", "{F33496A9-82CB-4F04-8C0B-140837F2EE6A}"
EndProject
Project("{9A19103F-16F7-4668-BE54-9A1E7A4F7556}") = "S1.19.02    -    Intro til metoder", "S1.19.02\S1.19.02    -    Intro til metoder.csproj", "{C6C4CD4F-3827-4593-BD1B-960D7B6242A7}"
EndProject
Project("{9A19103F-16F7-4668-BE54-9A1E7A4F7556}") = "S1.19.03    -    Intro til metoder", "S1.19.03\S1.19.03    -    Intro til metoder.csproj", "{C703E3AB-7892-483E-9D7D-225E34CCD33B}"
EndProject
Project("{9A19103F-16F7-4668-BE54-9A1E7A4F7556}") = "S1.20.01    -    Metoder med parameter modifikationer", "S1.20\S1.20.01    -    Metoder med parameter modifikationer.csproj", "{ADE77743-4423-478B-8D34-1603254A42B3}"
EndProject
Project("{9A19103F-16F7-4668-BE54-9A1E7A4F7556}") = "S1.01         -    Guide - Output til konsolvinduet", "S1.01\S1.01         -    Guide - Output til konsolvinduet.csproj", "{92387F91-B8EA-4B73-BDB4-63BB5420FF6E}"
EndProject
Project("{9A19103F-16F7-4668-BE54-9A1E7A4F7556}") = "S1.21        -    OOP Klasser", "S1.21\S1.21        -    OOP Klasser.csproj", "{F4A913AB-567E-4227-9FC6-5F865B631622}"
EndProject
Project("{9A19103F-16F7-4668-BE54-9A1E7A4F7556}") = "S1.22        -    OOP Objekter", "S1.22\S1.22        -    OOP Objekter.csproj", "{F834EEB8-2724-4B3D-AE99-205F2928F887}"
EndProject
Project("{9A19103F-16F7-4668-BE54-9A1E7A4F7556}") = "S1.24.01   -   StreamWriter", "S1.24.01\S1.24.01   -   StreamWriter.csproj", "{D6450730-1344-4AC8-B337-BCB597363FA9}"
EndProject
Project("{FAE04EC0-301F-11D3-BF4B-00C04F79EFBC}") = "StarTrek", "Startrem\StarTrek.csproj", "{5835B93E-C4F6-404B-BD3E-8C65217B9D48}"
EndProject
Global
	GlobalSection(SolutionConfigurationPlatforms) = preSolution
		Debug|Any CPU = Debug|Any CPU
		Release|Any CPU = Release|Any CPU
	EndGlobalSection
	GlobalSection(ProjectConfigurationPlatforms) = postSolution
		{F56E0ADD-E3A5-44B4-BA59-12561BA0F54D}.Debug|Any CPU.ActiveCfg = Debug|Any CPU
		{F56E0ADD-E3A5-44B4-BA59-12561BA0F54D}.Debug|Any CPU.Build.0 = Debug|Any CPU
		{F56E0ADD-E3A5-44B4-BA59-12561BA0F54D}.Release|Any CPU.ActiveCfg = Release|Any CPU
		{F56E0ADD-E3A5-44B4-BA59-12561BA0F54D}.Release|Any CPU.Build.0 = Release|Any CPU
		{4795B63D-E7A0-4F48-9B99-5A03CA19C93E}.Debug|Any CPU.ActiveCfg = Debug|Any CPU
		{4795B63D-E7A0-4F48-9B99-5A03CA19C93E}.Debug|Any CPU.Build.0 = Debug|Any CPU
		{4795B63D-E7A0-4F48-9B99-5A03CA19C93E}.Release|Any CPU.ActiveCfg = Release|Any CPU
		{4795B63D-E7A0-4F48-9B99-5A03CA19C93E}.Release|Any CPU.Build.0 = Release|Any CPU
		{13B24E9F-5257-41DB-9158-5D2347B058AB}.Debug|Any CPU.ActiveCfg = Debug|Any CPU
		{13B24E9F-5257-41DB-9158-5D2347B058AB}.Debug|Any CPU.Build.0 = Debug|Any CPU
		{13B24E9F-5257-41DB-9158-5D2347B058AB}.Release|Any CPU.ActiveCfg = Release|Any CPU
		{13B24E9F-5257-41DB-9158-5D2347B058AB}.Release|Any CPU.Build.0 = Release|Any CPU
		{D7A1ABE6-0C1A-42C5-A8EA-160BB2BBE253}.Debug|Any CPU.ActiveCfg = Debug|Any CPU
		{D7A1ABE6-0C1A-42C5-A8EA-160BB2BBE253}.Debug|Any CPU.Build.0 = Debug|Any CPU
		{D7A1ABE6-0C1A-42C5-A8EA-160BB2BBE253}.Release|Any CPU.ActiveCfg = Release|Any CPU
		{D7A1ABE6-0C1A-42C5-A8EA-160BB2BBE253}.Release|Any CPU.Build.0 = Release|Any CPU
		{A2476FEE-4170-4E08-BEA3-66E635ACB38F}.Debug|Any CPU.ActiveCfg = Debug|Any CPU
		{A2476FEE-4170-4E08-BEA3-66E635ACB38F}.Debug|Any CPU.Build.0 = Debug|Any CPU
		{A2476FEE-4170-4E08-BEA3-66E635ACB38F}.Release|Any CPU.ActiveCfg = Release|Any CPU
		{A2476FEE-4170-4E08-BEA3-66E635ACB38F}.Release|Any CPU.Build.0 = Release|Any CPU
		{9D04887A-A0E9-40A6-AE52-14196B69E4E0}.Debug|Any CPU.ActiveCfg = Debug|Any CPU
		{9D04887A-A0E9-40A6-AE52-14196B69E4E0}.Debug|Any CPU.Build.0 = Debug|Any CPU
		{9D04887A-A0E9-40A6-AE52-14196B69E4E0}.Release|Any CPU.ActiveCfg = Release|Any CPU
		{9D04887A-A0E9-40A6-AE52-14196B69E4E0}.Release|Any CPU.Build.0 = Release|Any CPU
		{2A388163-D269-431D-ACD3-D1BB32960EC0}.Debug|Any CPU.ActiveCfg = Debug|Any CPU
		{2A388163-D269-431D-ACD3-D1BB32960EC0}.Debug|Any CPU.Build.0 = Debug|Any CPU
		{2A388163-D269-431D-ACD3-D1BB32960EC0}.Release|Any CPU.ActiveCfg = Release|Any CPU
		{2A388163-D269-431D-ACD3-D1BB32960EC0}.Release|Any CPU.Build.0 = Release|Any CPU
		{0CB1E29A-CE1C-432B-BCB9-7B5DD1ED3472}.Debug|Any CPU.ActiveCfg = Debug|Any CPU
		{0CB1E29A-CE1C-432B-BCB9-7B5DD1ED3472}.Debug|Any CPU.Build.0 = Debug|Any CPU
		{0CB1E29A-CE1C-432B-BCB9-7B5DD1ED3472}.Release|Any CPU.ActiveCfg = Release|Any CPU
		{0CB1E29A-CE1C-432B-BCB9-7B5DD1ED3472}.Release|Any CPU.Build.0 = Release|Any CPU
		{3662A9B5-EDBA-496C-8D9C-087955F4B428}.Debug|Any CPU.ActiveCfg = Debug|Any CPU
		{3662A9B5-EDBA-496C-8D9C-087955F4B428}.Debug|Any CPU.Build.0 = Debug|Any CPU
		{3662A9B5-EDBA-496C-8D9C-087955F4B428}.Release|Any CPU.ActiveCfg = Release|Any CPU
		{3662A9B5-EDBA-496C-8D9C-087955F4B428}.Release|Any CPU.Build.0 = Release|Any CPU
		{835CE5F0-C61B-4FDF-A468-1E1F450A2729}.Debug|Any CPU.ActiveCfg = Debug|Any CPU
		{835CE5F0-C61B-4FDF-A468-1E1F450A2729}.Debug|Any CPU.Build.0 = Debug|Any CPU
		{835CE5F0-C61B-4FDF-A468-1E1F450A2729}.Release|Any CPU.ActiveCfg = Release|Any CPU
		{835CE5F0-C61B-4FDF-A468-1E1F450A2729}.Release|Any CPU.Build.0 = Release|Any CPU
		{64A782FB-3C7F-4081-9EA7-3E1CDBC466B3}.Debug|Any CPU.ActiveCfg = Debug|Any CPU
		{64A782FB-3C7F-4081-9EA7-3E1CDBC466B3}.Debug|Any CPU.Build.0 = Debug|Any CPU
		{64A782FB-3C7F-4081-9EA7-3E1CDBC466B3}.Release|Any CPU.ActiveCfg = Release|Any CPU
		{64A782FB-3C7F-4081-9EA7-3E1CDBC466B3}.Release|Any CPU.Build.0 = Release|Any CPU
		{6AA06917-0620-4306-BCB7-6C46155985F4}.Debug|Any CPU.ActiveCfg = Debug|Any CPU
		{6AA06917-0620-4306-BCB7-6C46155985F4}.Debug|Any CPU.Build.0 = Debug|Any CPU
		{6AA06917-0620-4306-BCB7-6C46155985F4}.Release|Any CPU.ActiveCfg = Release|Any CPU
		{6AA06917-0620-4306-BCB7-6C46155985F4}.Release|Any CPU.Build.0 = Release|Any CPU
		{5BA32424-3731-4679-A385-ACD05324406D}.Debug|Any CPU.ActiveCfg = Debug|Any CPU
		{5BA32424-3731-4679-A385-ACD05324406D}.Debug|Any CPU.Build.0 = Debug|Any CPU
		{5BA32424-3731-4679-A385-ACD05324406D}.Release|Any CPU.ActiveCfg = Release|Any CPU
		{5BA32424-3731-4679-A385-ACD05324406D}.Release|Any CPU.Build.0 = Release|Any CPU
		{4A598AB6-9D4A-4D94-8DCB-7C21DBE68189}.Debug|Any CPU.ActiveCfg = Debug|Any CPU
		{4A598AB6-9D4A-4D94-8DCB-7C21DBE68189}.Debug|Any CPU.Build.0 = Debug|Any CPU
		{4A598AB6-9D4A-4D94-8DCB-7C21DBE68189}.Release|Any CPU.ActiveCfg = Release|Any CPU
		{4A598AB6-9D4A-4D94-8DCB-7C21DBE68189}.Release|Any CPU.Build.0 = Release|Any CPU
		{8E4880D3-9716-484C-A121-A958FE01C625}.Debug|Any CPU.ActiveCfg = Debug|Any CPU
		{8E4880D3-9716-484C-A121-A958FE01C625}.Debug|Any CPU.Build.0 = Debug|Any CPU
		{8E4880D3-9716-484C-A121-A958FE01C625}.Release|Any CPU.ActiveCfg = Release|Any CPU
		{8E4880D3-9716-484C-A121-A958FE01C625}.Release|Any CPU.Build.0 = Release|Any CPU
		{7EC93D92-67A5-4125-A2ED-8AEA694DEFD1}.Debug|Any CPU.ActiveCfg = Debug|Any CPU
		{7EC93D92-67A5-4125-A2ED-8AEA694DEFD1}.Debug|Any CPU.Build.0 = Debug|Any CPU
		{7EC93D92-67A5-4125-A2ED-8AEA694DEFD1}.Release|Any CPU.ActiveCfg = Release|Any CPU
		{7EC93D92-67A5-4125-A2ED-8AEA694DEFD1}.Release|Any CPU.Build.0 = Release|Any CPU
		{F120DC56-ED16-4C61-9E5E-DE6AC55013CA}.Debug|Any CPU.ActiveCfg = Debug|Any CPU
		{F120DC56-ED16-4C61-9E5E-DE6AC55013CA}.Debug|Any CPU.Build.0 = Debug|Any CPU
		{F120DC56-ED16-4C61-9E5E-DE6AC55013CA}.Release|Any CPU.ActiveCfg = Release|Any CPU
		{F120DC56-ED16-4C61-9E5E-DE6AC55013CA}.Release|Any CPU.Build.0 = Release|Any CPU
		{EB4BBA30-6AFE-4D0B-AA24-EDC8156ACBDE}.Debug|Any CPU.ActiveCfg = Debug|Any CPU
		{EB4BBA30-6AFE-4D0B-AA24-EDC8156ACBDE}.Debug|Any CPU.Build.0 = Debug|Any CPU
		{EB4BBA30-6AFE-4D0B-AA24-EDC8156ACBDE}.Release|Any CPU.ActiveCfg = Release|Any CPU
		{EB4BBA30-6AFE-4D0B-AA24-EDC8156ACBDE}.Release|Any CPU.Build.0 = Release|Any CPU
		{F0EAEE56-489A-45EE-9245-667505A559A4}.Debug|Any CPU.ActiveCfg = Debug|Any CPU
		{F0EAEE56-489A-45EE-9245-667505A559A4}.Debug|Any CPU.Build.0 = Debug|Any CPU
		{F0EAEE56-489A-45EE-9245-667505A559A4}.Release|Any CPU.ActiveCfg = Release|Any CPU
		{F0EAEE56-489A-45EE-9245-667505A559A4}.Release|Any CPU.Build.0 = Release|Any CPU
		{360FB05E-C384-43DA-A485-A6925D657EA7}.Debug|Any CPU.ActiveCfg = Debug|Any CPU
		{360FB05E-C384-43DA-A485-A6925D657EA7}.Debug|Any CPU.Build.0 = Debug|Any CPU
		{360FB05E-C384-43DA-A485-A6925D657EA7}.Release|Any CPU.ActiveCfg = Release|Any CPU
		{360FB05E-C384-43DA-A485-A6925D657EA7}.Release|Any CPU.Build.0 = Release|Any CPU
		{8C94BDAB-DF89-4465-BED2-B62943341A98}.Debug|Any CPU.ActiveCfg = Debug|Any CPU
		{8C94BDAB-DF89-4465-BED2-B62943341A98}.Debug|Any CPU.Build.0 = Debug|Any CPU
		{8C94BDAB-DF89-4465-BED2-B62943341A98}.Release|Any CPU.ActiveCfg = Release|Any CPU
		{8C94BDAB-DF89-4465-BED2-B62943341A98}.Release|Any CPU.Build.0 = Release|Any CPU
		{42EBB3FF-A438-496B-83F1-8EBB1A835D17}.Debug|Any CPU.ActiveCfg = Debug|Any CPU
		{42EBB3FF-A438-496B-83F1-8EBB1A835D17}.Debug|Any CPU.Build.0 = Debug|Any CPU
		{42EBB3FF-A438-496B-83F1-8EBB1A835D17}.Release|Any CPU.ActiveCfg = Release|Any CPU
		{42EBB3FF-A438-496B-83F1-8EBB1A835D17}.Release|Any CPU.Build.0 = Release|Any CPU
		{E182B312-D9CF-476A-9408-96630F1338A8}.Debug|Any CPU.ActiveCfg = Debug|Any CPU
		{E182B312-D9CF-476A-9408-96630F1338A8}.Debug|Any CPU.Build.0 = Debug|Any CPU
		{E182B312-D9CF-476A-9408-96630F1338A8}.Release|Any CPU.ActiveCfg = Release|Any CPU
		{E182B312-D9CF-476A-9408-96630F1338A8}.Release|Any CPU.Build.0 = Release|Any CPU
		{D287E5B2-C57A-4AB3-B923-80F67CC9EC87}.Debug|Any CPU.ActiveCfg = Debug|Any CPU
		{D287E5B2-C57A-4AB3-B923-80F67CC9EC87}.Debug|Any CPU.Build.0 = Debug|Any CPU
		{D287E5B2-C57A-4AB3-B923-80F67CC9EC87}.Release|Any CPU.ActiveCfg = Release|Any CPU
		{D287E5B2-C57A-4AB3-B923-80F67CC9EC87}.Release|Any CPU.Build.0 = Release|Any CPU
		{A455FE45-0CC0-4FE7-BC9A-63E7E91A20FC}.Debug|Any CPU.ActiveCfg = Debug|Any CPU
		{A455FE45-0CC0-4FE7-BC9A-63E7E91A20FC}.Debug|Any CPU.Build.0 = Debug|Any CPU
		{A455FE45-0CC0-4FE7-BC9A-63E7E91A20FC}.Release|Any CPU.ActiveCfg = Release|Any CPU
		{A455FE45-0CC0-4FE7-BC9A-63E7E91A20FC}.Release|Any CPU.Build.0 = Release|Any CPU
		{1FA0C934-A9CB-444A-BFC5-A77F185BE7DB}.Debug|Any CPU.ActiveCfg = Debug|Any CPU
		{1FA0C934-A9CB-444A-BFC5-A77F185BE7DB}.Debug|Any CPU.Build.0 = Debug|Any CPU
		{1FA0C934-A9CB-444A-BFC5-A77F185BE7DB}.Release|Any CPU.ActiveCfg = Release|Any CPU
		{1FA0C934-A9CB-444A-BFC5-A77F185BE7DB}.Release|Any CPU.Build.0 = Release|Any CPU
		{927D27AB-6B97-449F-92EB-77C416AF8166}.Debug|Any CPU.ActiveCfg = Debug|Any CPU
		{927D27AB-6B97-449F-92EB-77C416AF8166}.Debug|Any CPU.Build.0 = Debug|Any CPU
		{927D27AB-6B97-449F-92EB-77C416AF8166}.Release|Any CPU.ActiveCfg = Release|Any CPU
		{927D27AB-6B97-449F-92EB-77C416AF8166}.Release|Any CPU.Build.0 = Release|Any CPU
		{417BE244-FF9F-41DF-AF29-5DE7140E2908}.Debug|Any CPU.ActiveCfg = Debug|Any CPU
		{417BE244-FF9F-41DF-AF29-5DE7140E2908}.Debug|Any CPU.Build.0 = Debug|Any CPU
		{417BE244-FF9F-41DF-AF29-5DE7140E2908}.Release|Any CPU.ActiveCfg = Release|Any CPU
		{417BE244-FF9F-41DF-AF29-5DE7140E2908}.Release|Any CPU.Build.0 = Release|Any CPU
		{E49867E7-C40F-4F80-94A9-D59A3812D36F}.Debug|Any CPU.ActiveCfg = Debug|Any CPU
		{E49867E7-C40F-4F80-94A9-D59A3812D36F}.Debug|Any CPU.Build.0 = Debug|Any CPU
		{E49867E7-C40F-4F80-94A9-D59A3812D36F}.Release|Any CPU.ActiveCfg = Release|Any CPU
		{E49867E7-C40F-4F80-94A9-D59A3812D36F}.Release|Any CPU.Build.0 = Release|Any CPU
		{7C660068-97F6-458F-9D89-164A00B9B7F8}.Debug|Any CPU.ActiveCfg = Debug|Any CPU
		{7C660068-97F6-458F-9D89-164A00B9B7F8}.Debug|Any CPU.Build.0 = Debug|Any CPU
		{7C660068-97F6-458F-9D89-164A00B9B7F8}.Release|Any CPU.ActiveCfg = Release|Any CPU
		{7C660068-97F6-458F-9D89-164A00B9B7F8}.Release|Any CPU.Build.0 = Release|Any CPU
		{3CD3DCCC-D29F-4ECC-B22A-C95B4F671A9A}.Debug|Any CPU.ActiveCfg = Debug|Any CPU
		{3CD3DCCC-D29F-4ECC-B22A-C95B4F671A9A}.Debug|Any CPU.Build.0 = Debug|Any CPU
		{3CD3DCCC-D29F-4ECC-B22A-C95B4F671A9A}.Release|Any CPU.ActiveCfg = Release|Any CPU
		{3CD3DCCC-D29F-4ECC-B22A-C95B4F671A9A}.Release|Any CPU.Build.0 = Release|Any CPU
		{26B2019F-F460-45B4-96CD-6498A65170DD}.Debug|Any CPU.ActiveCfg = Debug|Any CPU
		{26B2019F-F460-45B4-96CD-6498A65170DD}.Debug|Any CPU.Build.0 = Debug|Any CPU
		{26B2019F-F460-45B4-96CD-6498A65170DD}.Release|Any CPU.ActiveCfg = Release|Any CPU
		{26B2019F-F460-45B4-96CD-6498A65170DD}.Release|Any CPU.Build.0 = Release|Any CPU
		{EF4E93E2-7067-47D8-B82D-7F0E37ABF174}.Debug|Any CPU.ActiveCfg = Debug|Any CPU
		{EF4E93E2-7067-47D8-B82D-7F0E37ABF174}.Debug|Any CPU.Build.0 = Debug|Any CPU
		{EF4E93E2-7067-47D8-B82D-7F0E37ABF174}.Release|Any CPU.ActiveCfg = Release|Any CPU
		{EF4E93E2-7067-47D8-B82D-7F0E37ABF174}.Release|Any CPU.Build.0 = Release|Any CPU
		{340AC3BB-9A0E-4B16-BF0E-2EED3C5F096F}.Debug|Any CPU.ActiveCfg = Debug|Any CPU
		{340AC3BB-9A0E-4B16-BF0E-2EED3C5F096F}.Debug|Any CPU.Build.0 = Debug|Any CPU
		{340AC3BB-9A0E-4B16-BF0E-2EED3C5F096F}.Release|Any CPU.ActiveCfg = Release|Any CPU
		{340AC3BB-9A0E-4B16-BF0E-2EED3C5F096F}.Release|Any CPU.Build.0 = Release|Any CPU
		{88D97511-9333-4EDB-A2AA-3AFED3710E7B}.Debug|Any CPU.ActiveCfg = Debug|Any CPU
		{88D97511-9333-4EDB-A2AA-3AFED3710E7B}.Debug|Any CPU.Build.0 = Debug|Any CPU
		{88D97511-9333-4EDB-A2AA-3AFED3710E7B}.Release|Any CPU.ActiveCfg = Release|Any CPU
		{88D97511-9333-4EDB-A2AA-3AFED3710E7B}.Release|Any CPU.Build.0 = Release|Any CPU
		{710AB0D1-2874-4A4A-AA70-975B3B2BDD52}.Debug|Any CPU.ActiveCfg = Debug|Any CPU
		{710AB0D1-2874-4A4A-AA70-975B3B2BDD52}.Debug|Any CPU.Build.0 = Debug|Any CPU
		{710AB0D1-2874-4A4A-AA70-975B3B2BDD52}.Release|Any CPU.ActiveCfg = Release|Any CPU
		{710AB0D1-2874-4A4A-AA70-975B3B2BDD52}.Release|Any CPU.Build.0 = Release|Any CPU
		{0D6A3100-0703-416D-A873-E28B3CB0E3C7}.Debug|Any CPU.ActiveCfg = Debug|Any CPU
		{0D6A3100-0703-416D-A873-E28B3CB0E3C7}.Debug|Any CPU.Build.0 = Debug|Any CPU
		{0D6A3100-0703-416D-A873-E28B3CB0E3C7}.Release|Any CPU.ActiveCfg = Release|Any CPU
		{0D6A3100-0703-416D-A873-E28B3CB0E3C7}.Release|Any CPU.Build.0 = Release|Any CPU
		{18188DF1-16F7-4CC9-A703-AE0BB5191E9F}.Debug|Any CPU.ActiveCfg = Debug|Any CPU
		{18188DF1-16F7-4CC9-A703-AE0BB5191E9F}.Debug|Any CPU.Build.0 = Debug|Any CPU
		{18188DF1-16F7-4CC9-A703-AE0BB5191E9F}.Release|Any CPU.ActiveCfg = Release|Any CPU
		{18188DF1-16F7-4CC9-A703-AE0BB5191E9F}.Release|Any CPU.Build.0 = Release|Any CPU
		{BB4C8FD8-8DFE-41BF-B5BA-E74788932DF8}.Debug|Any CPU.ActiveCfg = Debug|Any CPU
		{BB4C8FD8-8DFE-41BF-B5BA-E74788932DF8}.Debug|Any CPU.Build.0 = Debug|Any CPU
		{BB4C8FD8-8DFE-41BF-B5BA-E74788932DF8}.Release|Any CPU.ActiveCfg = Release|Any CPU
		{BB4C8FD8-8DFE-41BF-B5BA-E74788932DF8}.Release|Any CPU.Build.0 = Release|Any CPU
		{9E99905B-E230-42A8-95A9-95E7AB266045}.Debug|Any CPU.ActiveCfg = Debug|Any CPU
		{9E99905B-E230-42A8-95A9-95E7AB266045}.Debug|Any CPU.Build.0 = Debug|Any CPU
		{9E99905B-E230-42A8-95A9-95E7AB266045}.Release|Any CPU.ActiveCfg = Release|Any CPU
		{9E99905B-E230-42A8-95A9-95E7AB266045}.Release|Any CPU.Build.0 = Release|Any CPU
		{0F3A73CA-C5BB-4F27-A312-79EEDDA8921C}.Debug|Any CPU.ActiveCfg = Debug|Any CPU
		{0F3A73CA-C5BB-4F27-A312-79EEDDA8921C}.Debug|Any CPU.Build.0 = Debug|Any CPU
		{0F3A73CA-C5BB-4F27-A312-79EEDDA8921C}.Release|Any CPU.ActiveCfg = Release|Any CPU
		{0F3A73CA-C5BB-4F27-A312-79EEDDA8921C}.Release|Any CPU.Build.0 = Release|Any CPU
		{069B9C76-0CCF-45B7-86D7-932035EE6C74}.Debug|Any CPU.ActiveCfg = Debug|Any CPU
		{069B9C76-0CCF-45B7-86D7-932035EE6C74}.Debug|Any CPU.Build.0 = Debug|Any CPU
		{069B9C76-0CCF-45B7-86D7-932035EE6C74}.Release|Any CPU.ActiveCfg = Release|Any CPU
		{069B9C76-0CCF-45B7-86D7-932035EE6C74}.Release|Any CPU.Build.0 = Release|Any CPU
		{37B5732D-5EDD-4C7E-BC03-6B2CDD2C9D09}.Debug|Any CPU.ActiveCfg = Debug|Any CPU
		{37B5732D-5EDD-4C7E-BC03-6B2CDD2C9D09}.Debug|Any CPU.Build.0 = Debug|Any CPU
		{37B5732D-5EDD-4C7E-BC03-6B2CDD2C9D09}.Release|Any CPU.ActiveCfg = Release|Any CPU
		{37B5732D-5EDD-4C7E-BC03-6B2CDD2C9D09}.Release|Any CPU.Build.0 = Release|Any CPU
		{7DA7A048-4620-4E46-83A8-66896E760BF7}.Debug|Any CPU.ActiveCfg = Debug|Any CPU
		{7DA7A048-4620-4E46-83A8-66896E760BF7}.Debug|Any CPU.Build.0 = Debug|Any CPU
		{7DA7A048-4620-4E46-83A8-66896E760BF7}.Release|Any CPU.ActiveCfg = Release|Any CPU
		{7DA7A048-4620-4E46-83A8-66896E760BF7}.Release|Any CPU.Build.0 = Release|Any CPU
		{DE0331C2-E92E-4BFD-83B3-630DA9882E72}.Debug|Any CPU.ActiveCfg = Debug|Any CPU
		{DE0331C2-E92E-4BFD-83B3-630DA9882E72}.Debug|Any CPU.Build.0 = Debug|Any CPU
		{DE0331C2-E92E-4BFD-83B3-630DA9882E72}.Release|Any CPU.ActiveCfg = Release|Any CPU
		{DE0331C2-E92E-4BFD-83B3-630DA9882E72}.Release|Any CPU.Build.0 = Release|Any CPU
		{8B32D48F-FA39-4F70-9E1B-4F5F6BE42571}.Debug|Any CPU.ActiveCfg = Debug|Any CPU
		{8B32D48F-FA39-4F70-9E1B-4F5F6BE42571}.Debug|Any CPU.Build.0 = Debug|Any CPU
		{8B32D48F-FA39-4F70-9E1B-4F5F6BE42571}.Release|Any CPU.ActiveCfg = Release|Any CPU
		{8B32D48F-FA39-4F70-9E1B-4F5F6BE42571}.Release|Any CPU.Build.0 = Release|Any CPU
		{B8753D05-C1DC-4B29-990C-0CF642450541}.Debug|Any CPU.ActiveCfg = Debug|Any CPU
		{B8753D05-C1DC-4B29-990C-0CF642450541}.Debug|Any CPU.Build.0 = Debug|Any CPU
		{B8753D05-C1DC-4B29-990C-0CF642450541}.Release|Any CPU.ActiveCfg = Release|Any CPU
		{B8753D05-C1DC-4B29-990C-0CF642450541}.Release|Any CPU.Build.0 = Release|Any CPU
		{025EFB9C-C8CF-4DE9-9A6B-A2B3A1D52347}.Debug|Any CPU.ActiveCfg = Debug|Any CPU
		{025EFB9C-C8CF-4DE9-9A6B-A2B3A1D52347}.Debug|Any CPU.Build.0 = Debug|Any CPU
		{025EFB9C-C8CF-4DE9-9A6B-A2B3A1D52347}.Release|Any CPU.ActiveCfg = Release|Any CPU
		{025EFB9C-C8CF-4DE9-9A6B-A2B3A1D52347}.Release|Any CPU.Build.0 = Release|Any CPU
		{495A1F27-F129-4A45-9995-9B754E745299}.Debug|Any CPU.ActiveCfg = Debug|Any CPU
		{495A1F27-F129-4A45-9995-9B754E745299}.Debug|Any CPU.Build.0 = Debug|Any CPU
		{495A1F27-F129-4A45-9995-9B754E745299}.Release|Any CPU.ActiveCfg = Release|Any CPU
		{495A1F27-F129-4A45-9995-9B754E745299}.Release|Any CPU.Build.0 = Release|Any CPU
		{38D43CCB-2AA3-4AD0-8D86-0A8EE1F6FE01}.Debug|Any CPU.ActiveCfg = Debug|Any CPU
		{38D43CCB-2AA3-4AD0-8D86-0A8EE1F6FE01}.Debug|Any CPU.Build.0 = Debug|Any CPU
		{38D43CCB-2AA3-4AD0-8D86-0A8EE1F6FE01}.Release|Any CPU.ActiveCfg = Release|Any CPU
		{38D43CCB-2AA3-4AD0-8D86-0A8EE1F6FE01}.Release|Any CPU.Build.0 = Release|Any CPU
		{C8DF4B15-69BA-4E70-B95F-286B589617AE}.Debug|Any CPU.ActiveCfg = Debug|Any CPU
		{C8DF4B15-69BA-4E70-B95F-286B589617AE}.Debug|Any CPU.Build.0 = Debug|Any CPU
		{C8DF4B15-69BA-4E70-B95F-286B589617AE}.Release|Any CPU.ActiveCfg = Release|Any CPU
		{C8DF4B15-69BA-4E70-B95F-286B589617AE}.Release|Any CPU.Build.0 = Release|Any CPU
		{B04252CE-43A1-477B-A2C6-3A457424EBC3}.Debug|Any CPU.ActiveCfg = Debug|Any CPU
		{B04252CE-43A1-477B-A2C6-3A457424EBC3}.Debug|Any CPU.Build.0 = Debug|Any CPU
		{B04252CE-43A1-477B-A2C6-3A457424EBC3}.Release|Any CPU.ActiveCfg = Release|Any CPU
		{B04252CE-43A1-477B-A2C6-3A457424EBC3}.Release|Any CPU.Build.0 = Release|Any CPU
		{6DAC0A68-7E31-40A8-9AAC-3E15EF348440}.Debug|Any CPU.ActiveCfg = Debug|Any CPU
		{6DAC0A68-7E31-40A8-9AAC-3E15EF348440}.Debug|Any CPU.Build.0 = Debug|Any CPU
		{6DAC0A68-7E31-40A8-9AAC-3E15EF348440}.Release|Any CPU.ActiveCfg = Release|Any CPU
		{6DAC0A68-7E31-40A8-9AAC-3E15EF348440}.Release|Any CPU.Build.0 = Release|Any CPU
		{6F7CA585-8361-4B3E-B1A1-2A7100B9D83C}.Debug|Any CPU.ActiveCfg = Debug|Any CPU
		{6F7CA585-8361-4B3E-B1A1-2A7100B9D83C}.Debug|Any CPU.Build.0 = Debug|Any CPU
		{6F7CA585-8361-4B3E-B1A1-2A7100B9D83C}.Release|Any CPU.ActiveCfg = Release|Any CPU
		{6F7CA585-8361-4B3E-B1A1-2A7100B9D83C}.Release|Any CPU.Build.0 = Release|Any CPU
		{24214022-8116-4B5C-BAD4-D5C6B1C731D1}.Debug|Any CPU.ActiveCfg = Debug|Any CPU
		{24214022-8116-4B5C-BAD4-D5C6B1C731D1}.Debug|Any CPU.Build.0 = Debug|Any CPU
		{24214022-8116-4B5C-BAD4-D5C6B1C731D1}.Release|Any CPU.ActiveCfg = Release|Any CPU
		{24214022-8116-4B5C-BAD4-D5C6B1C731D1}.Release|Any CPU.Build.0 = Release|Any CPU
		{FB0A30D7-BAD2-4453-95A7-49235B9C6709}.Debug|Any CPU.ActiveCfg = Debug|Any CPU
		{FB0A30D7-BAD2-4453-95A7-49235B9C6709}.Debug|Any CPU.Build.0 = Debug|Any CPU
		{FB0A30D7-BAD2-4453-95A7-49235B9C6709}.Release|Any CPU.ActiveCfg = Release|Any CPU
		{FB0A30D7-BAD2-4453-95A7-49235B9C6709}.Release|Any CPU.Build.0 = Release|Any CPU
		{BE970E19-5A99-4D3A-BD25-92056A43D9BA}.Debug|Any CPU.ActiveCfg = Debug|Any CPU
		{BE970E19-5A99-4D3A-BD25-92056A43D9BA}.Debug|Any CPU.Build.0 = Debug|Any CPU
		{BE970E19-5A99-4D3A-BD25-92056A43D9BA}.Release|Any CPU.ActiveCfg = Release|Any CPU
		{BE970E19-5A99-4D3A-BD25-92056A43D9BA}.Release|Any CPU.Build.0 = Release|Any CPU
		{736A595B-C52D-4DF2-8569-125AB2FD65A3}.Debug|Any CPU.ActiveCfg = Debug|Any CPU
		{736A595B-C52D-4DF2-8569-125AB2FD65A3}.Debug|Any CPU.Build.0 = Debug|Any CPU
		{736A595B-C52D-4DF2-8569-125AB2FD65A3}.Release|Any CPU.ActiveCfg = Release|Any CPU
		{736A595B-C52D-4DF2-8569-125AB2FD65A3}.Release|Any CPU.Build.0 = Release|Any CPU
		{92800434-6DDF-4A13-93DA-BAAD23F3C10C}.Debug|Any CPU.ActiveCfg = Debug|Any CPU
		{92800434-6DDF-4A13-93DA-BAAD23F3C10C}.Debug|Any CPU.Build.0 = Debug|Any CPU
		{92800434-6DDF-4A13-93DA-BAAD23F3C10C}.Release|Any CPU.ActiveCfg = Release|Any CPU
		{92800434-6DDF-4A13-93DA-BAAD23F3C10C}.Release|Any CPU.Build.0 = Release|Any CPU
		{F94CA158-F4FD-46CB-B036-99F9BD633108}.Debug|Any CPU.ActiveCfg = Debug|Any CPU
		{F94CA158-F4FD-46CB-B036-99F9BD633108}.Debug|Any CPU.Build.0 = Debug|Any CPU
		{F94CA158-F4FD-46CB-B036-99F9BD633108}.Release|Any CPU.ActiveCfg = Release|Any CPU
		{F94CA158-F4FD-46CB-B036-99F9BD633108}.Release|Any CPU.Build.0 = Release|Any CPU
		{1AD919C1-FA14-4C93-8DA3-82AE877B6003}.Debug|Any CPU.ActiveCfg = Debug|Any CPU
		{1AD919C1-FA14-4C93-8DA3-82AE877B6003}.Debug|Any CPU.Build.0 = Debug|Any CPU
		{1AD919C1-FA14-4C93-8DA3-82AE877B6003}.Release|Any CPU.ActiveCfg = Release|Any CPU
		{1AD919C1-FA14-4C93-8DA3-82AE877B6003}.Release|Any CPU.Build.0 = Release|Any CPU
		{CA22DDE8-5FE4-4941-9A84-8B6DBB862E86}.Debug|Any CPU.ActiveCfg = Debug|Any CPU
		{CA22DDE8-5FE4-4941-9A84-8B6DBB862E86}.Debug|Any CPU.Build.0 = Debug|Any CPU
		{CA22DDE8-5FE4-4941-9A84-8B6DBB862E86}.Release|Any CPU.ActiveCfg = Release|Any CPU
		{CA22DDE8-5FE4-4941-9A84-8B6DBB862E86}.Release|Any CPU.Build.0 = Release|Any CPU
		{258811C1-CD1A-4DE6-89B1-D953B7797243}.Debug|Any CPU.ActiveCfg = Debug|Any CPU
		{258811C1-CD1A-4DE6-89B1-D953B7797243}.Debug|Any CPU.Build.0 = Debug|Any CPU
		{258811C1-CD1A-4DE6-89B1-D953B7797243}.Release|Any CPU.ActiveCfg = Release|Any CPU
		{258811C1-CD1A-4DE6-89B1-D953B7797243}.Release|Any CPU.Build.0 = Release|Any CPU
		{3D6DB7B1-6102-49A1-AC70-AF43C652E523}.Debug|Any CPU.ActiveCfg = Debug|Any CPU
		{3D6DB7B1-6102-49A1-AC70-AF43C652E523}.Debug|Any CPU.Build.0 = Debug|Any CPU
		{3D6DB7B1-6102-49A1-AC70-AF43C652E523}.Release|Any CPU.ActiveCfg = Release|Any CPU
		{3D6DB7B1-6102-49A1-AC70-AF43C652E523}.Release|Any CPU.Build.0 = Release|Any CPU
		{E4504F4E-FA6F-482A-A76D-1502572AB191}.Debug|Any CPU.ActiveCfg = Debug|Any CPU
		{E4504F4E-FA6F-482A-A76D-1502572AB191}.Debug|Any CPU.Build.0 = Debug|Any CPU
		{E4504F4E-FA6F-482A-A76D-1502572AB191}.Release|Any CPU.ActiveCfg = Release|Any CPU
		{E4504F4E-FA6F-482A-A76D-1502572AB191}.Release|Any CPU.Build.0 = Release|Any CPU
		{C36B535D-6BC5-40E8-B738-D0D121F27150}.Debug|Any CPU.ActiveCfg = Debug|Any CPU
		{C36B535D-6BC5-40E8-B738-D0D121F27150}.Debug|Any CPU.Build.0 = Debug|Any CPU
		{C36B535D-6BC5-40E8-B738-D0D121F27150}.Release|Any CPU.ActiveCfg = Release|Any CPU
		{C36B535D-6BC5-40E8-B738-D0D121F27150}.Release|Any CPU.Build.0 = Release|Any CPU
		{50E14B82-95E6-4F07-A3CE-9833D7385B5C}.Debug|Any CPU.ActiveCfg = Debug|Any CPU
		{50E14B82-95E6-4F07-A3CE-9833D7385B5C}.Debug|Any CPU.Build.0 = Debug|Any CPU
		{50E14B82-95E6-4F07-A3CE-9833D7385B5C}.Release|Any CPU.ActiveCfg = Release|Any CPU
		{50E14B82-95E6-4F07-A3CE-9833D7385B5C}.Release|Any CPU.Build.0 = Release|Any CPU
		{0213519D-C768-4216-AA5D-AF382302F867}.Debug|Any CPU.ActiveCfg = Debug|Any CPU
		{0213519D-C768-4216-AA5D-AF382302F867}.Debug|Any CPU.Build.0 = Debug|Any CPU
		{0213519D-C768-4216-AA5D-AF382302F867}.Release|Any CPU.ActiveCfg = Release|Any CPU
		{0213519D-C768-4216-AA5D-AF382302F867}.Release|Any CPU.Build.0 = Release|Any CPU
		{CC18D5ED-94E0-494D-ADA9-00D8F0F57CCB}.Debug|Any CPU.ActiveCfg = Debug|Any CPU
		{CC18D5ED-94E0-494D-ADA9-00D8F0F57CCB}.Debug|Any CPU.Build.0 = Debug|Any CPU
		{CC18D5ED-94E0-494D-ADA9-00D8F0F57CCB}.Release|Any CPU.ActiveCfg = Release|Any CPU
		{CC18D5ED-94E0-494D-ADA9-00D8F0F57CCB}.Release|Any CPU.Build.0 = Release|Any CPU
		{D44337C7-B2DD-4EBF-913A-B114D4BF097B}.Debug|Any CPU.ActiveCfg = Debug|Any CPU
		{D44337C7-B2DD-4EBF-913A-B114D4BF097B}.Debug|Any CPU.Build.0 = Debug|Any CPU
		{D44337C7-B2DD-4EBF-913A-B114D4BF097B}.Release|Any CPU.ActiveCfg = Release|Any CPU
		{D44337C7-B2DD-4EBF-913A-B114D4BF097B}.Release|Any CPU.Build.0 = Release|Any CPU
		{15AC917C-B503-47CF-A712-22BDD14CC95F}.Debug|Any CPU.ActiveCfg = Debug|Any CPU
		{15AC917C-B503-47CF-A712-22BDD14CC95F}.Debug|Any CPU.Build.0 = Debug|Any CPU
		{15AC917C-B503-47CF-A712-22BDD14CC95F}.Release|Any CPU.ActiveCfg = Release|Any CPU
		{15AC917C-B503-47CF-A712-22BDD14CC95F}.Release|Any CPU.Build.0 = Release|Any CPU
		{05D370C6-434D-4DE2-856D-0BA46F649418}.Debug|Any CPU.ActiveCfg = Debug|Any CPU
		{05D370C6-434D-4DE2-856D-0BA46F649418}.Debug|Any CPU.Build.0 = Debug|Any CPU
		{05D370C6-434D-4DE2-856D-0BA46F649418}.Release|Any CPU.ActiveCfg = Release|Any CPU
		{05D370C6-434D-4DE2-856D-0BA46F649418}.Release|Any CPU.Build.0 = Release|Any CPU
		{F33496A9-82CB-4F04-8C0B-140837F2EE6A}.Debug|Any CPU.ActiveCfg = Debug|Any CPU
		{F33496A9-82CB-4F04-8C0B-140837F2EE6A}.Debug|Any CPU.Build.0 = Debug|Any CPU
		{F33496A9-82CB-4F04-8C0B-140837F2EE6A}.Release|Any CPU.ActiveCfg = Release|Any CPU
		{F33496A9-82CB-4F04-8C0B-140837F2EE6A}.Release|Any CPU.Build.0 = Release|Any CPU
		{C6C4CD4F-3827-4593-BD1B-960D7B6242A7}.Debug|Any CPU.ActiveCfg = Debug|Any CPU
		{C6C4CD4F-3827-4593-BD1B-960D7B6242A7}.Debug|Any CPU.Build.0 = Debug|Any CPU
		{C6C4CD4F-3827-4593-BD1B-960D7B6242A7}.Release|Any CPU.ActiveCfg = Release|Any CPU
		{C6C4CD4F-3827-4593-BD1B-960D7B6242A7}.Release|Any CPU.Build.0 = Release|Any CPU
		{C703E3AB-7892-483E-9D7D-225E34CCD33B}.Debug|Any CPU.ActiveCfg = Debug|Any CPU
		{C703E3AB-7892-483E-9D7D-225E34CCD33B}.Debug|Any CPU.Build.0 = Debug|Any CPU
		{C703E3AB-7892-483E-9D7D-225E34CCD33B}.Release|Any CPU.ActiveCfg = Release|Any CPU
		{C703E3AB-7892-483E-9D7D-225E34CCD33B}.Release|Any CPU.Build.0 = Release|Any CPU
		{ADE77743-4423-478B-8D34-1603254A42B3}.Debug|Any CPU.ActiveCfg = Debug|Any CPU
		{ADE77743-4423-478B-8D34-1603254A42B3}.Debug|Any CPU.Build.0 = Debug|Any CPU
		{ADE77743-4423-478B-8D34-1603254A42B3}.Release|Any CPU.ActiveCfg = Release|Any CPU
		{ADE77743-4423-478B-8D34-1603254A42B3}.Release|Any CPU.Build.0 = Release|Any CPU
		{92387F91-B8EA-4B73-BDB4-63BB5420FF6E}.Debug|Any CPU.ActiveCfg = Debug|Any CPU
		{92387F91-B8EA-4B73-BDB4-63BB5420FF6E}.Debug|Any CPU.Build.0 = Debug|Any CPU
		{92387F91-B8EA-4B73-BDB4-63BB5420FF6E}.Release|Any CPU.ActiveCfg = Release|Any CPU
		{92387F91-B8EA-4B73-BDB4-63BB5420FF6E}.Release|Any CPU.Build.0 = Release|Any CPU
		{F4A913AB-567E-4227-9FC6-5F865B631622}.Debug|Any CPU.ActiveCfg = Debug|Any CPU
		{F4A913AB-567E-4227-9FC6-5F865B631622}.Debug|Any CPU.Build.0 = Debug|Any CPU
		{F4A913AB-567E-4227-9FC6-5F865B631622}.Release|Any CPU.ActiveCfg = Release|Any CPU
		{F4A913AB-567E-4227-9FC6-5F865B631622}.Release|Any CPU.Build.0 = Release|Any CPU
		{F834EEB8-2724-4B3D-AE99-205F2928F887}.Debug|Any CPU.ActiveCfg = Debug|Any CPU
		{F834EEB8-2724-4B3D-AE99-205F2928F887}.Debug|Any CPU.Build.0 = Debug|Any CPU
		{F834EEB8-2724-4B3D-AE99-205F2928F887}.Release|Any CPU.ActiveCfg = Release|Any CPU
		{F834EEB8-2724-4B3D-AE99-205F2928F887}.Release|Any CPU.Build.0 = Release|Any CPU
		{D6450730-1344-4AC8-B337-BCB597363FA9}.Debug|Any CPU.ActiveCfg = Debug|Any CPU
		{D6450730-1344-4AC8-B337-BCB597363FA9}.Debug|Any CPU.Build.0 = Debug|Any CPU
		{D6450730-1344-4AC8-B337-BCB597363FA9}.Release|Any CPU.ActiveCfg = Release|Any CPU
		{D6450730-1344-4AC8-B337-BCB597363FA9}.Release|Any CPU.Build.0 = Release|Any CPU
		{5835B93E-C4F6-404B-BD3E-8C65217B9D48}.Debug|Any CPU.ActiveCfg = Debug|Any CPU
		{5835B93E-C4F6-404B-BD3E-8C65217B9D48}.Debug|Any CPU.Build.0 = Debug|Any CPU
		{5835B93E-C4F6-404B-BD3E-8C65217B9D48}.Release|Any CPU.ActiveCfg = Release|Any CPU
		{5835B93E-C4F6-404B-BD3E-8C65217B9D48}.Release|Any CPU.Build.0 = Release|Any CPU
	EndGlobalSection
	GlobalSection(SolutionProperties) = preSolution
		HideSolutionNode = FALSE
	EndGlobalSection
	GlobalSection(ExtensibilityGlobals) = postSolution
		SolutionGuid = {83260C44-5990-4683-8897-A6F97C27E2BE}
	EndGlobalSection
EndGlobal
